
Microsoft Visual Studio Solution File, Format Version 12.00
# Visual Studio Version 16
VisualStudioVersion = 16.0.30204.135
MinimumVisualStudioVersion = 10.0.40219.1
Project("{FAE04EC0-301F-11D3-BF4B-00C04F79EFBC}") = "RpcService.Server", "RpcService.Server\RpcService.Server.csproj", "{F17B0AC9-BE43-4DB2-B1EE-B25DA597340C}"
EndProject
Global
	GlobalSection(SolutionConfigurationPlatforms) = preSolution
		Debug|Any CPU = Debug|Any CPU
		Release|Any CPU = Release|Any CPU
	EndGlobalSection
	GlobalSection(ProjectConfigurationPlatforms) = postSolution
		{F17B0AC9-BE43-4DB2-B1EE-B25DA597340C}.Debug|Any CPU.ActiveCfg = Debug|Any CPU
		{F17B0AC9-BE43-4DB2-B1EE-B25DA597340C}.Debug|Any CPU.Build.0 = Debug|Any CPU
		{F17B0AC9-BE43-4DB2-B1EE-B25DA597340C}.Release|Any CPU.ActiveCfg = Release|Any CPU
		{F17B0AC9-BE43-4DB2-B1EE-B25DA597340C}.Release|Any CPU.Build.0 = Release|Any CPU
	EndGlobalSection
	GlobalSection(SolutionProperties) = preSolution
		HideSolutionNode = FALSE
	EndGlobalSection
	GlobalSection(ExtensibilityGlobals) = postSolution
		SolutionGuid = {6E72FF6A-AB0C-4BDE-B837-C91BCAA4A87C}
	EndGlobalSection
EndGlobal
